
Microsoft Visual Studio Solution File, Format Version 12.00
# Visual Studio 15
VisualStudioVersion = 15.0.28307.572
MinimumVisualStudioVersion = 10.0.40219.1
Project("{FAE04EC0-301F-11D3-BF4B-00C04F79EFBC}") = "HelloWorldService", "HelloWorldService\HelloWorldService.csproj", "{1CE0AA78-F683-4599-B72B-230F3A5675EE}"
EndProject
Global
	GlobalSection(SolutionConfigurationPlatforms) = preSolution
		Debug|Any CPU = Debug|Any CPU
		Release|Any CPU = Release|Any CPU
	EndGlobalSection
	GlobalSection(ProjectConfigurationPlatforms) = postSolution
		{1CE0AA78-F683-4599-B72B-230F3A5675EE}.Debug|Any CPU.ActiveCfg = Debug|Any CPU
		{1CE0AA78-F683-4599-B72B-230F3A5675EE}.Debug|Any CPU.Build.0 = Debug|Any CPU
		{1CE0AA78-F683-4599-B72B-230F3A5675EE}.Release|Any CPU.ActiveCfg = Release|Any CPU
		{1CE0AA78-F683-4599-B72B-230F3A5675EE}.Release|Any CPU.Build.0 = Release|Any CPU
	EndGlobalSection
	GlobalSection(SolutionProperties) = preSolution
		HideSolutionNode = FALSE
	EndGlobalSection
	GlobalSection(ExtensibilityGlobals) = postSolution
		SolutionGuid = {DB3B1E9B-9C3A-4CAC-B2D2-6480BD4ABF80}
	EndGlobalSection
EndGlobal
